// !$*UTF8*$!
{
	archiveVersion = 1;
	classes = {
	};
	objectVersion = 48;
	objects = {

/* Begin PBXBuildFile section */
		010C734064AAEB7BA7D70043 /* Pods_NutriCalTests.framework in Frameworks */ = {isa = PBXBuildFile; fileRef = AC87FB5070DAF70F003A87CC /* Pods_NutriCalTests.framework */; };
		343F37F4207794F700DCBE40 /* LocalCollection.swift in Sources */ = {isa = PBXBuildFile; fileRef = 343F37F3207794F700DCBE40 /* LocalCollection.swift */; };
		343F37F7207B4E2200DCBE40 /* BaseRestaurantDetailViewController.swift in Sources */ = {isa = PBXBuildFile; fileRef = 343F37F6207B4E2200DCBE40 /* BaseRestaurantDetailViewController.swift */; };
		346D80102080B5FD007FFAF4 /* Localizable.strings in Resources */ = {isa = PBXBuildFile; fileRef = 346D800F2080B5FD007FFAF4 /* Localizable.strings */; };
		346D80132080B7B5007FFAF4 /* SettingsViewController.swift in Sources */ = {isa = PBXBuildFile; fileRef = 346D80122080B7B5007FFAF4 /* SettingsViewController.swift */; };
		346D80162080BBD9007FFAF4 /* FavouritesViewController.swift in Sources */ = {isa = PBXBuildFile; fileRef = 346D80152080BBD9007FFAF4 /* FavouritesViewController.swift */; };
		348DBBC3207B5A98001FD6F3 /* RestaurantEndUserDetailViewController.swift in Sources */ = {isa = PBXBuildFile; fileRef = 348DBBC2207B5A98001FD6F3 /* RestaurantEndUserDetailViewController.swift */; };
		348DBBC5207B698F001FD6F3 /* RestaurantEndUserDetailFoodCell.swift in Sources */ = {isa = PBXBuildFile; fileRef = 348DBBC4207B698F001FD6F3 /* RestaurantEndUserDetailFoodCell.swift */; };
		348DBBC7207B9924001FD6F3 /* RestaurantEndUserDetailSearchViewController.swift in Sources */ = {isa = PBXBuildFile; fileRef = 348DBBC6207B9924001FD6F3 /* RestaurantEndUserDetailSearchViewController.swift */; };
		348DBBCA207CC6C4001FD6F3 /* ReviewsViewController.swift in Sources */ = {isa = PBXBuildFile; fileRef = 348DBBC9207CC6C4001FD6F3 /* ReviewsViewController.swift */; };
		34ADA731206D7BA700C31D37 /* AppDelegate.swift in Sources */ = {isa = PBXBuildFile; fileRef = 34ADA730206D7BA700C31D37 /* AppDelegate.swift */; };
		34ADA733206D7BA700C31D37 /* TabBarController.swift in Sources */ = {isa = PBXBuildFile; fileRef = 34ADA732206D7BA700C31D37 /* TabBarController.swift */; };
		34ADA738206D7BA700C31D37 /* Assets.xcassets in Resources */ = {isa = PBXBuildFile; fileRef = 34ADA737206D7BA700C31D37 /* Assets.xcassets */; };
		34ADA73B206D7BA700C31D37 /* LaunchScreen.storyboard in Resources */ = {isa = PBXBuildFile; fileRef = 34ADA739206D7BA700C31D37 /* LaunchScreen.storyboard */; };
		34ADA746206D7BA700C31D37 /* NutriCalTests.swift in Sources */ = {isa = PBXBuildFile; fileRef = 34ADA745206D7BA700C31D37 /* NutriCalTests.swift */; };
		34ADA751206D7BA700C31D37 /* NutriCalUITests.swift in Sources */ = {isa = PBXBuildFile; fileRef = 34ADA750206D7BA700C31D37 /* NutriCalUITests.swift */; };
		34ADA75F206D7CCC00C31D37 /* HomeViewController.swift in Sources */ = {isa = PBXBuildFile; fileRef = 34ADA75E206D7CCC00C31D37 /* HomeViewController.swift */; };
		34ADA761206D7E8800C31D37 /* UIColors.swift in Sources */ = {isa = PBXBuildFile; fileRef = 34ADA760206D7E8800C31D37 /* UIColors.swift */; };
		34B8E471206E20790010ADDE /* UIKit.swift in Sources */ = {isa = PBXBuildFile; fileRef = 34B8E470206E20790010ADDE /* UIKit.swift */; };
		34B8E474206E215D0010ADDE /* GoogleService-Info.plist in Resources */ = {isa = PBXBuildFile; fileRef = 34B8E473206E215C0010ADDE /* GoogleService-Info.plist */; };
		34B8E479206E23EA0010ADDE /* TableViewModel.swift in Sources */ = {isa = PBXBuildFile; fileRef = 34B8E478206E23EA0010ADDE /* TableViewModel.swift */; };
		34B8E47D206E2C770010ADDE /* RestaurantMenuCell.swift in Sources */ = {isa = PBXBuildFile; fileRef = 34B8E47C206E2C770010ADDE /* RestaurantMenuCell.swift */; };
		34B8E47F206E4FEA0010ADDE /* DealOfTheMonthView.swift in Sources */ = {isa = PBXBuildFile; fileRef = 34B8E47E206E4FEA0010ADDE /* DealOfTheMonthView.swift */; };
		34B8E481206E503D0010ADDE /* RestaurantMenuGalleryCell.swift in Sources */ = {isa = PBXBuildFile; fileRef = 34B8E480206E503D0010ADDE /* RestaurantMenuGalleryCell.swift */; };
		34B8E483206E50890010ADDE /* RestaurantView.swift in Sources */ = {isa = PBXBuildFile; fileRef = 34B8E482206E50890010ADDE /* RestaurantView.swift */; };
		34B8E487206E56260010ADDE /* Restaurant.swift in Sources */ = {isa = PBXBuildFile; fileRef = 34B8E486206E56260010ADDE /* Restaurant.swift */; };
		34B8E48B206E58510010ADDE /* FoodDetailViewController.swift in Sources */ = {isa = PBXBuildFile; fileRef = 34B8E48A206E58510010ADDE /* FoodDetailViewController.swift */; };
		34BAB21B206E629600E39E8B /* SideMenuViewController.swift in Sources */ = {isa = PBXBuildFile; fileRef = 34BAB21A206E629600E39E8B /* SideMenuViewController.swift */; };
		34BAB21D206E62CE00E39E8B /* LoginRestaurantViewController.swift in Sources */ = {isa = PBXBuildFile; fileRef = 34BAB21C206E62CE00E39E8B /* LoginRestaurantViewController.swift */; };
		34BAB21F206E659600E39E8B /* LoginBaseViewController.swift in Sources */ = {isa = PBXBuildFile; fileRef = 34BAB21E206E659600E39E8B /* LoginBaseViewController.swift */; };
		34BAB221206ED2EA00E39E8B /* SignUpRestaurantViewController.swift in Sources */ = {isa = PBXBuildFile; fileRef = 34BAB220206ED2EA00E39E8B /* SignUpRestaurantViewController.swift */; };
		34BAB225206FF7F200E39E8B /* MapViewController.swift in Sources */ = {isa = PBXBuildFile; fileRef = 34BAB224206FF7F200E39E8B /* MapViewController.swift */; };
		34BAB22D207189BA00E39E8B /* User.swift in Sources */ = {isa = PBXBuildFile; fileRef = 34BAB22C207189BA00E39E8B /* User.swift */; };
		34BAB22F20718CE600E39E8B /* LoginEndUserViewController.swift in Sources */ = {isa = PBXBuildFile; fileRef = 34BAB22E20718CE600E39E8B /* LoginEndUserViewController.swift */; };
		34BAB2322071980A00E39E8B /* SignUpEndUserViewController.swift in Sources */ = {isa = PBXBuildFile; fileRef = 34BAB2312071980A00E39E8B /* SignUpEndUserViewController.swift */; };
		34BAB23520719B9100E39E8B /* FilterCell.swift in Sources */ = {isa = PBXBuildFile; fileRef = 34BAB23420719B9100E39E8B /* FilterCell.swift */; };
		34BAB23720719BB900E39E8B /* SideMenuCell.swift in Sources */ = {isa = PBXBuildFile; fileRef = 34BAB23620719BB900E39E8B /* SideMenuCell.swift */; };
		34C5C84D2074E8A700498B6E /* BaseImagePickerViewController.swift in Sources */ = {isa = PBXBuildFile; fileRef = 34C5C84C2074E8A700498B6E /* BaseImagePickerViewController.swift */; };
		34C5C84F2074F42C00498B6E /* AddMenuViewController.swift in Sources */ = {isa = PBXBuildFile; fileRef = 34C5C84E2074F42C00498B6E /* AddMenuViewController.swift */; };
		34C5C8522074F53900498B6E /* RestaurantDetailViewController.swift in Sources */ = {isa = PBXBuildFile; fileRef = 34C5C8512074F53900498B6E /* RestaurantDetailViewController.swift */; };
		34C5C85520754A9200498B6E /* AddFoodViewController.swift in Sources */ = {isa = PBXBuildFile; fileRef = 34C5C85420754A9200498B6E /* AddFoodViewController.swift */; };
		34C5C8582076022100498B6E /* AddIngredientsViewController.swift in Sources */ = {isa = PBXBuildFile; fileRef = 34C5C8572076022100498B6E /* AddIngredientsViewController.swift */; };
		34C5C85A2076147C00498B6E /* InternalRestaurant.swift in Sources */ = {isa = PBXBuildFile; fileRef = 34C5C8592076147C00498B6E /* InternalRestaurant.swift */; };
		34C7BA21207F38D10049D7B1 /* RatingCell.swift in Sources */ = {isa = PBXBuildFile; fileRef = 34C7BA20207F38D10049D7B1 /* RatingCell.swift */; };
		34C7BA23207F38DB0049D7B1 /* CommentCell.swift in Sources */ = {isa = PBXBuildFile; fileRef = 34C7BA22207F38DB0049D7B1 /* CommentCell.swift */; };
		34C7BA25207F4AC50049D7B1 /* Date.swift in Sources */ = {isa = PBXBuildFile; fileRef = 34C7BA24207F4AC50049D7B1 /* Date.swift */; };
		34C7BA27207F4CBF0049D7B1 /* TableViewCommentCell.swift in Sources */ = {isa = PBXBuildFile; fileRef = 34C7BA26207F4CBF0049D7B1 /* TableViewCommentCell.swift */; };
		34C7BA2D207F66030049D7B1 /* LoginViewController.swift in Sources */ = {isa = PBXBuildFile; fileRef = 34C7BA2C207F66030049D7B1 /* LoginViewController.swift */; };
		34D521A62071BCA800528852 /* FirebaseManager.swift in Sources */ = {isa = PBXBuildFile; fileRef = 34D521A52071BCA800528852 /* FirebaseManager.swift */; };
		34D521A82072D69800528852 /* ManageRestaurantViewController.swift in Sources */ = {isa = PBXBuildFile; fileRef = 34D521A72072D69800528852 /* ManageRestaurantViewController.swift */; };
		34D521AA2072DFBD00528852 /* AddRestaurantViewController.swift in Sources */ = {isa = PBXBuildFile; fileRef = 34D521A92072DFBD00528852 /* AddRestaurantViewController.swift */; };
		34D521AC207375BC00528852 /* EditRestaurantItemsViewController.swift in Sources */ = {isa = PBXBuildFile; fileRef = 34D521AB207375BC00528852 /* EditRestaurantItemsViewController.swift */; };
		34D521AE207423B800528852 /* ManageRestaurantCell.swift in Sources */ = {isa = PBXBuildFile; fileRef = 34D521AD207423B800528852 /* ManageRestaurantCell.swift */; };
		34DA7F92207E2C8E009C0BC1 /* Review.swift in Sources */ = {isa = PBXBuildFile; fileRef = 34DA7F91207E2C8E009C0BC1 /* Review.swift */; };
		81398AF1A92EE236634E639B /* Pods_NutriCal.framework in Frameworks */ = {isa = PBXBuildFile; fileRef = 5B75EB182DD7517A9B8E1F28 /* Pods_NutriCal.framework */; };
		DE2449E36B0CDE41C1E50687 /* Pods_NutriCalUITests.framework in Frameworks */ = {isa = PBXBuildFile; fileRef = E4BDCBAEF5BE9C9D988BB546 /* Pods_NutriCalUITests.framework */; };
/* End PBXBuildFile section */

/* Begin PBXContainerItemProxy section */
		34ADA742206D7BA700C31D37 /* PBXContainerItemProxy */ = {
			isa = PBXContainerItemProxy;
			containerPortal = 34ADA725206D7BA700C31D37 /* Project object */;
			proxyType = 1;
			remoteGlobalIDString = 34ADA72C206D7BA700C31D37;
			remoteInfo = NutriCal;
		};
		34ADA74D206D7BA700C31D37 /* PBXContainerItemProxy */ = {
			isa = PBXContainerItemProxy;
			containerPortal = 34ADA725206D7BA700C31D37 /* Project object */;
			proxyType = 1;
			remoteGlobalIDString = 34ADA72C206D7BA700C31D37;
			remoteInfo = NutriCal;
		};
/* End PBXContainerItemProxy section */

/* Begin PBXFileReference section */
		28E99266B26F1FAF8A077D75 /* Pods-NutriCal.release.xcconfig */ = {isa = PBXFileReference; includeInIndex = 1; lastKnownFileType = text.xcconfig; name = "Pods-NutriCal.release.xcconfig"; path = "Pods/Target Support Files/Pods-NutriCal/Pods-NutriCal.release.xcconfig"; sourceTree = "<group>"; };
		293885FB3AA2CFB730D2A11A /* Pods-NutriCalUITests.release.xcconfig */ = {isa = PBXFileReference; includeInIndex = 1; lastKnownFileType = text.xcconfig; name = "Pods-NutriCalUITests.release.xcconfig"; path = "Pods/Target Support Files/Pods-NutriCalUITests/Pods-NutriCalUITests.release.xcconfig"; sourceTree = "<group>"; };
		343F37F3207794F700DCBE40 /* LocalCollection.swift */ = {isa = PBXFileReference; lastKnownFileType = sourcecode.swift; path = LocalCollection.swift; sourceTree = "<group>"; };
		343F37F6207B4E2200DCBE40 /* BaseRestaurantDetailViewController.swift */ = {isa = PBXFileReference; lastKnownFileType = sourcecode.swift; path = BaseRestaurantDetailViewController.swift; sourceTree = "<group>"; };
		346D800F2080B5FD007FFAF4 /* Localizable.strings */ = {isa = PBXFileReference; lastKnownFileType = text.plist.strings; path = Localizable.strings; sourceTree = "<group>"; };
		346D80122080B7B5007FFAF4 /* SettingsViewController.swift */ = {isa = PBXFileReference; lastKnownFileType = sourcecode.swift; path = SettingsViewController.swift; sourceTree = "<group>"; };
		346D80152080BBD9007FFAF4 /* FavouritesViewController.swift */ = {isa = PBXFileReference; lastKnownFileType = sourcecode.swift; path = FavouritesViewController.swift; sourceTree = "<group>"; };
		348DBBC2207B5A98001FD6F3 /* RestaurantEndUserDetailViewController.swift */ = {isa = PBXFileReference; lastKnownFileType = sourcecode.swift; path = RestaurantEndUserDetailViewController.swift; sourceTree = "<group>"; };
		348DBBC4207B698F001FD6F3 /* RestaurantEndUserDetailFoodCell.swift */ = {isa = PBXFileReference; lastKnownFileType = sourcecode.swift; path = RestaurantEndUserDetailFoodCell.swift; sourceTree = "<group>"; };
		348DBBC6207B9924001FD6F3 /* RestaurantEndUserDetailSearchViewController.swift */ = {isa = PBXFileReference; lastKnownFileType = sourcecode.swift; path = RestaurantEndUserDetailSearchViewController.swift; sourceTree = "<group>"; };
		348DBBC9207CC6C4001FD6F3 /* ReviewsViewController.swift */ = {isa = PBXFileReference; lastKnownFileType = sourcecode.swift; path = ReviewsViewController.swift; sourceTree = "<group>"; };
		34ADA72D206D7BA700C31D37 /* NutriCal.app */ = {isa = PBXFileReference; explicitFileType = wrapper.application; includeInIndex = 0; path = NutriCal.app; sourceTree = BUILT_PRODUCTS_DIR; };
		34ADA730206D7BA700C31D37 /* AppDelegate.swift */ = {isa = PBXFileReference; lastKnownFileType = sourcecode.swift; path = AppDelegate.swift; sourceTree = "<group>"; };
		34ADA732206D7BA700C31D37 /* TabBarController.swift */ = {isa = PBXFileReference; lastKnownFileType = sourcecode.swift; path = TabBarController.swift; sourceTree = "<group>"; };
		34ADA737206D7BA700C31D37 /* Assets.xcassets */ = {isa = PBXFileReference; lastKnownFileType = folder.assetcatalog; path = Assets.xcassets; sourceTree = "<group>"; };
		34ADA73A206D7BA700C31D37 /* Base */ = {isa = PBXFileReference; lastKnownFileType = file.storyboard; name = Base; path = Base.lproj/LaunchScreen.storyboard; sourceTree = "<group>"; };
		34ADA73C206D7BA700C31D37 /* Info.plist */ = {isa = PBXFileReference; lastKnownFileType = text.plist.xml; path = Info.plist; sourceTree = "<group>"; };
		34ADA741206D7BA700C31D37 /* NutriCalTests.xctest */ = {isa = PBXFileReference; explicitFileType = wrapper.cfbundle; includeInIndex = 0; path = NutriCalTests.xctest; sourceTree = BUILT_PRODUCTS_DIR; };
		34ADA745206D7BA700C31D37 /* NutriCalTests.swift */ = {isa = PBXFileReference; lastKnownFileType = sourcecode.swift; path = NutriCalTests.swift; sourceTree = "<group>"; };
		34ADA747206D7BA700C31D37 /* Info.plist */ = {isa = PBXFileReference; lastKnownFileType = text.plist.xml; path = Info.plist; sourceTree = "<group>"; };
		34ADA74C206D7BA700C31D37 /* NutriCalUITests.xctest */ = {isa = PBXFileReference; explicitFileType = wrapper.cfbundle; includeInIndex = 0; path = NutriCalUITests.xctest; sourceTree = BUILT_PRODUCTS_DIR; };
		34ADA750206D7BA700C31D37 /* NutriCalUITests.swift */ = {isa = PBXFileReference; lastKnownFileType = sourcecode.swift; path = NutriCalUITests.swift; sourceTree = "<group>"; };
		34ADA752206D7BA700C31D37 /* Info.plist */ = {isa = PBXFileReference; lastKnownFileType = text.plist.xml; path = Info.plist; sourceTree = "<group>"; };
		34ADA75E206D7CCC00C31D37 /* HomeViewController.swift */ = {isa = PBXFileReference; lastKnownFileType = sourcecode.swift; path = HomeViewController.swift; sourceTree = "<group>"; };
		34ADA760206D7E8800C31D37 /* UIColors.swift */ = {isa = PBXFileReference; lastKnownFileType = sourcecode.swift; path = UIColors.swift; sourceTree = "<group>"; };
		34B8E470206E20790010ADDE /* UIKit.swift */ = {isa = PBXFileReference; lastKnownFileType = sourcecode.swift; path = UIKit.swift; sourceTree = "<group>"; };
		34B8E473206E215C0010ADDE /* GoogleService-Info.plist */ = {isa = PBXFileReference; fileEncoding = 4; lastKnownFileType = text.plist.xml; path = "GoogleService-Info.plist"; sourceTree = "<group>"; };
		34B8E478206E23EA0010ADDE /* TableViewModel.swift */ = {isa = PBXFileReference; lastKnownFileType = sourcecode.swift; path = TableViewModel.swift; sourceTree = "<group>"; };
		34B8E47C206E2C770010ADDE /* RestaurantMenuCell.swift */ = {isa = PBXFileReference; lastKnownFileType = sourcecode.swift; path = RestaurantMenuCell.swift; sourceTree = "<group>"; };
		34B8E47E206E4FEA0010ADDE /* DealOfTheMonthView.swift */ = {isa = PBXFileReference; lastKnownFileType = sourcecode.swift; path = DealOfTheMonthView.swift; sourceTree = "<group>"; };
		34B8E480206E503D0010ADDE /* RestaurantMenuGalleryCell.swift */ = {isa = PBXFileReference; lastKnownFileType = sourcecode.swift; path = RestaurantMenuGalleryCell.swift; sourceTree = "<group>"; };
		34B8E482206E50890010ADDE /* RestaurantView.swift */ = {isa = PBXFileReference; lastKnownFileType = sourcecode.swift; path = RestaurantView.swift; sourceTree = "<group>"; };
		34B8E486206E56260010ADDE /* Restaurant.swift */ = {isa = PBXFileReference; lastKnownFileType = sourcecode.swift; path = Restaurant.swift; sourceTree = "<group>"; };
		34B8E48A206E58510010ADDE /* FoodDetailViewController.swift */ = {isa = PBXFileReference; lastKnownFileType = sourcecode.swift; path = FoodDetailViewController.swift; sourceTree = "<group>"; };
		34BAB21A206E629600E39E8B /* SideMenuViewController.swift */ = {isa = PBXFileReference; lastKnownFileType = sourcecode.swift; path = SideMenuViewController.swift; sourceTree = "<group>"; };
		34BAB21C206E62CE00E39E8B /* LoginRestaurantViewController.swift */ = {isa = PBXFileReference; lastKnownFileType = sourcecode.swift; path = LoginRestaurantViewController.swift; sourceTree = "<group>"; };
		34BAB21E206E659600E39E8B /* LoginBaseViewController.swift */ = {isa = PBXFileReference; lastKnownFileType = sourcecode.swift; path = LoginBaseViewController.swift; sourceTree = "<group>"; };
		34BAB220206ED2EA00E39E8B /* SignUpRestaurantViewController.swift */ = {isa = PBXFileReference; lastKnownFileType = sourcecode.swift; path = SignUpRestaurantViewController.swift; sourceTree = "<group>"; };
		34BAB224206FF7F200E39E8B /* MapViewController.swift */ = {isa = PBXFileReference; lastKnownFileType = sourcecode.swift; path = MapViewController.swift; sourceTree = "<group>"; };
		34BAB22C207189BA00E39E8B /* User.swift */ = {isa = PBXFileReference; lastKnownFileType = sourcecode.swift; path = User.swift; sourceTree = "<group>"; };
		34BAB22E20718CE600E39E8B /* LoginEndUserViewController.swift */ = {isa = PBXFileReference; lastKnownFileType = sourcecode.swift; path = LoginEndUserViewController.swift; sourceTree = "<group>"; };
		34BAB2312071980A00E39E8B /* SignUpEndUserViewController.swift */ = {isa = PBXFileReference; lastKnownFileType = sourcecode.swift; path = SignUpEndUserViewController.swift; sourceTree = "<group>"; };
		34BAB23420719B9100E39E8B /* FilterCell.swift */ = {isa = PBXFileReference; lastKnownFileType = sourcecode.swift; path = FilterCell.swift; sourceTree = "<group>"; };
		34BAB23620719BB900E39E8B /* SideMenuCell.swift */ = {isa = PBXFileReference; lastKnownFileType = sourcecode.swift; path = SideMenuCell.swift; sourceTree = "<group>"; };
		34C5C84C2074E8A700498B6E /* BaseImagePickerViewController.swift */ = {isa = PBXFileReference; lastKnownFileType = sourcecode.swift; path = BaseImagePickerViewController.swift; sourceTree = "<group>"; };
		34C5C84E2074F42C00498B6E /* AddMenuViewController.swift */ = {isa = PBXFileReference; lastKnownFileType = sourcecode.swift; path = AddMenuViewController.swift; sourceTree = "<group>"; };
		34C5C8512074F53900498B6E /* RestaurantDetailViewController.swift */ = {isa = PBXFileReference; lastKnownFileType = sourcecode.swift; path = RestaurantDetailViewController.swift; sourceTree = "<group>"; };
		34C5C85420754A9200498B6E /* AddFoodViewController.swift */ = {isa = PBXFileReference; lastKnownFileType = sourcecode.swift; path = AddFoodViewController.swift; sourceTree = "<group>"; };
		34C5C8572076022100498B6E /* AddIngredientsViewController.swift */ = {isa = PBXFileReference; lastKnownFileType = sourcecode.swift; path = AddIngredientsViewController.swift; sourceTree = "<group>"; };
		34C5C8592076147C00498B6E /* InternalRestaurant.swift */ = {isa = PBXFileReference; lastKnownFileType = sourcecode.swift; path = InternalRestaurant.swift; sourceTree = "<group>"; };
		34C7BA20207F38D10049D7B1 /* RatingCell.swift */ = {isa = PBXFileReference; lastKnownFileType = sourcecode.swift; path = RatingCell.swift; sourceTree = "<group>"; };
		34C7BA22207F38DB0049D7B1 /* CommentCell.swift */ = {isa = PBXFileReference; lastKnownFileType = sourcecode.swift; path = CommentCell.swift; sourceTree = "<group>"; };
		34C7BA24207F4AC50049D7B1 /* Date.swift */ = {isa = PBXFileReference; lastKnownFileType = sourcecode.swift; path = Date.swift; sourceTree = "<group>"; };
		34C7BA26207F4CBF0049D7B1 /* TableViewCommentCell.swift */ = {isa = PBXFileReference; lastKnownFileType = sourcecode.swift; path = TableViewCommentCell.swift; sourceTree = "<group>"; };
		34C7BA2C207F66030049D7B1 /* LoginViewController.swift */ = {isa = PBXFileReference; lastKnownFileType = sourcecode.swift; path = LoginViewController.swift; sourceTree = "<group>"; };
		34D521A52071BCA800528852 /* FirebaseManager.swift */ = {isa = PBXFileReference; lastKnownFileType = sourcecode.swift; path = FirebaseManager.swift; sourceTree = "<group>"; };
		34D521A72072D69800528852 /* ManageRestaurantViewController.swift */ = {isa = PBXFileReference; lastKnownFileType = sourcecode.swift; path = ManageRestaurantViewController.swift; sourceTree = "<group>"; };
		34D521A92072DFBD00528852 /* AddRestaurantViewController.swift */ = {isa = PBXFileReference; lastKnownFileType = sourcecode.swift; path = AddRestaurantViewController.swift; sourceTree = "<group>"; };
		34D521AB207375BC00528852 /* EditRestaurantItemsViewController.swift */ = {isa = PBXFileReference; lastKnownFileType = sourcecode.swift; path = EditRestaurantItemsViewController.swift; sourceTree = "<group>"; };
		34D521AD207423B800528852 /* ManageRestaurantCell.swift */ = {isa = PBXFileReference; lastKnownFileType = sourcecode.swift; path = ManageRestaurantCell.swift; sourceTree = "<group>"; };
		34DA7F91207E2C8E009C0BC1 /* Review.swift */ = {isa = PBXFileReference; lastKnownFileType = sourcecode.swift; path = Review.swift; sourceTree = "<group>"; };
		446BFB6E2FCBAFC63C4BA9F3 /* Pods-NutriCalUITests.debug.xcconfig */ = {isa = PBXFileReference; includeInIndex = 1; lastKnownFileType = text.xcconfig; name = "Pods-NutriCalUITests.debug.xcconfig"; path = "Pods/Target Support Files/Pods-NutriCalUITests/Pods-NutriCalUITests.debug.xcconfig"; sourceTree = "<group>"; };
		5B75EB182DD7517A9B8E1F28 /* Pods_NutriCal.framework */ = {isa = PBXFileReference; explicitFileType = wrapper.framework; includeInIndex = 0; path = Pods_NutriCal.framework; sourceTree = BUILT_PRODUCTS_DIR; };
		768EC3AB4127F2D2CBF6E816 /* Pods-NutriCalTests.debug.xcconfig */ = {isa = PBXFileReference; includeInIndex = 1; lastKnownFileType = text.xcconfig; name = "Pods-NutriCalTests.debug.xcconfig"; path = "Pods/Target Support Files/Pods-NutriCalTests/Pods-NutriCalTests.debug.xcconfig"; sourceTree = "<group>"; };
		AC87FB5070DAF70F003A87CC /* Pods_NutriCalTests.framework */ = {isa = PBXFileReference; explicitFileType = wrapper.framework; includeInIndex = 0; path = Pods_NutriCalTests.framework; sourceTree = BUILT_PRODUCTS_DIR; };
		B82EFBC840E3DD1CBA1A49D5 /* Pods-NutriCal.debug.xcconfig */ = {isa = PBXFileReference; includeInIndex = 1; lastKnownFileType = text.xcconfig; name = "Pods-NutriCal.debug.xcconfig"; path = "Pods/Target Support Files/Pods-NutriCal/Pods-NutriCal.debug.xcconfig"; sourceTree = "<group>"; };
		E4BDCBAEF5BE9C9D988BB546 /* Pods_NutriCalUITests.framework */ = {isa = PBXFileReference; explicitFileType = wrapper.framework; includeInIndex = 0; path = Pods_NutriCalUITests.framework; sourceTree = BUILT_PRODUCTS_DIR; };
		F58269FE895602A9411B0EBC /* Pods-NutriCalTests.release.xcconfig */ = {isa = PBXFileReference; includeInIndex = 1; lastKnownFileType = text.xcconfig; name = "Pods-NutriCalTests.release.xcconfig"; path = "Pods/Target Support Files/Pods-NutriCalTests/Pods-NutriCalTests.release.xcconfig"; sourceTree = "<group>"; };
/* End PBXFileReference section */

/* Begin PBXFrameworksBuildPhase section */
		34ADA72A206D7BA700C31D37 /* Frameworks */ = {
			isa = PBXFrameworksBuildPhase;
			buildActionMask = 2147483647;
			files = (
				81398AF1A92EE236634E639B /* Pods_NutriCal.framework in Frameworks */,
			);
			runOnlyForDeploymentPostprocessing = 0;
		};
		34ADA73E206D7BA700C31D37 /* Frameworks */ = {
			isa = PBXFrameworksBuildPhase;
			buildActionMask = 2147483647;
			files = (
				010C734064AAEB7BA7D70043 /* Pods_NutriCalTests.framework in Frameworks */,
			);
			runOnlyForDeploymentPostprocessing = 0;
		};
		34ADA749206D7BA700C31D37 /* Frameworks */ = {
			isa = PBXFrameworksBuildPhase;
			buildActionMask = 2147483647;
			files = (
				DE2449E36B0CDE41C1E50687 /* Pods_NutriCalUITests.framework in Frameworks */,
			);
			runOnlyForDeploymentPostprocessing = 0;
		};
/* End PBXFrameworksBuildPhase section */

/* Begin PBXGroup section */
		346D80112080B7A6007FFAF4 /* Settings */ = {
			isa = PBXGroup;
			children = (
				346D80122080B7B5007FFAF4 /* SettingsViewController.swift */,
			);
			path = Settings;
			sourceTree = "<group>";
		};
		346D80142080BBBF007FFAF4 /* Favourites */ = {
			isa = PBXGroup;
			children = (
				346D80152080BBD9007FFAF4 /* FavouritesViewController.swift */,
			);
			path = Favourites;
			sourceTree = "<group>";
		};
		348DBBC8207CC6B1001FD6F3 /* Reviews */ = {
			isa = PBXGroup;
			children = (
				348DBBC9207CC6C4001FD6F3 /* ReviewsViewController.swift */,
				34C7BA22207F38DB0049D7B1 /* CommentCell.swift */,
				34C7BA20207F38D10049D7B1 /* RatingCell.swift */,
				34C7BA26207F4CBF0049D7B1 /* TableViewCommentCell.swift */,
			);
			path = Reviews;
			sourceTree = "<group>";
		};
		34ADA724206D7BA700C31D37 = {
			isa = PBXGroup;
			children = (
				34ADA72F206D7BA700C31D37 /* NutriCal */,
				34ADA744206D7BA700C31D37 /* NutriCalTests */,
				34ADA74F206D7BA700C31D37 /* NutriCalUITests */,
				34ADA72E206D7BA700C31D37 /* Products */,
				E1F4B56543EBAD6D67D1DE6C /* Pods */,
				B872D7ACA20F64030252502E /* Frameworks */,
			);
			sourceTree = "<group>";
		};
		34ADA72E206D7BA700C31D37 /* Products */ = {
			isa = PBXGroup;
			children = (
				34ADA72D206D7BA700C31D37 /* NutriCal.app */,
				34ADA741206D7BA700C31D37 /* NutriCalTests.xctest */,
				34ADA74C206D7BA700C31D37 /* NutriCalUITests.xctest */,
			);
			name = Products;
			sourceTree = "<group>";
		};
		34ADA72F206D7BA700C31D37 /* NutriCal */ = {
			isa = PBXGroup;
			children = (
				34B8E472206E20C40010ADDE /* Supporting Files */,
				34BAB23020718D0800E39E8B /* Base */,
				34B8E477206E23DA0010ADDE /* Model */,
				346D80142080BBBF007FFAF4 /* Favourites */,
				346D80112080B7A6007FFAF4 /* Settings */,
				348DBBC8207CC6B1001FD6F3 /* Reviews */,
				34BAB223206FF7DC00E39E8B /* Map */,
				34C7BA2B207F65F20049D7B1 /* Login */,
				34C5C85620754BCC00498B6E /* Onboarding */,
				34BAB222206EE65E00E39E8B /* EndUserMode */,
				34BAB22B2071853A00E39E8B /* RestaurantMode */,
				34BAB219206E627E00E39E8B /* Sidemenu */,
				34B8E475206E216A0010ADDE /* TabBar */,
				34B8E488206E57CD0010ADDE /* FoodDetails */,
				34B8E476206E21710010ADDE /* Home */,
				34B8E484206E56020010ADDE /* Core */,
				34ADA73C206D7BA700C31D37 /* Info.plist */,
				34B8E473206E215C0010ADDE /* GoogleService-Info.plist */,
			);
			path = NutriCal;
			sourceTree = "<group>";
		};
		34ADA744206D7BA700C31D37 /* NutriCalTests */ = {
			isa = PBXGroup;
			children = (
				34ADA745206D7BA700C31D37 /* NutriCalTests.swift */,
				34ADA747206D7BA700C31D37 /* Info.plist */,
			);
			path = NutriCalTests;
			sourceTree = "<group>";
		};
		34ADA74F206D7BA700C31D37 /* NutriCalUITests */ = {
			isa = PBXGroup;
			children = (
				34ADA750206D7BA700C31D37 /* NutriCalUITests.swift */,
				34ADA752206D7BA700C31D37 /* Info.plist */,
			);
			path = NutriCalUITests;
			sourceTree = "<group>";
		};
		34B8E46F206E20410010ADDE /* Helpers */ = {
			isa = PBXGroup;
			children = (
				34B8E470206E20790010ADDE /* UIKit.swift */,
				34ADA760206D7E8800C31D37 /* UIColors.swift */,
				34C7BA24207F4AC50049D7B1 /* Date.swift */,
			);
			path = Helpers;
			sourceTree = "<group>";
		};
		34B8E472206E20C40010ADDE /* Supporting Files */ = {
			isa = PBXGroup;
			children = (
				34ADA737206D7BA700C31D37 /* Assets.xcassets */,
				34ADA739206D7BA700C31D37 /* LaunchScreen.storyboard */,
				34ADA730206D7BA700C31D37 /* AppDelegate.swift */,
				346D800F2080B5FD007FFAF4 /* Localizable.strings */,
			);
			path = "Supporting Files";
			sourceTree = "<group>";
		};
		34B8E475206E216A0010ADDE /* TabBar */ = {
			isa = PBXGroup;
			children = (
				34ADA732206D7BA700C31D37 /* TabBarController.swift */,
			);
			path = TabBar;
			sourceTree = "<group>";
		};
		34B8E476206E21710010ADDE /* Home */ = {
			isa = PBXGroup;
			children = (
				34ADA75E206D7CCC00C31D37 /* HomeViewController.swift */,
				34B8E47E206E4FEA0010ADDE /* DealOfTheMonthView.swift */,
				34B8E47C206E2C770010ADDE /* RestaurantMenuCell.swift */,
				34B8E480206E503D0010ADDE /* RestaurantMenuGalleryCell.swift */,
			);
			path = Home;
			sourceTree = "<group>";
		};
		34B8E477206E23DA0010ADDE /* Model */ = {
			isa = PBXGroup;
			children = (
				34D521A42071BC9500528852 /* Network */,
				34B8E478206E23EA0010ADDE /* TableViewModel.swift */,
				34B8E486206E56260010ADDE /* Restaurant.swift */,
				34C5C8592076147C00498B6E /* InternalRestaurant.swift */,
				34BAB22C207189BA00E39E8B /* User.swift */,
				34DA7F91207E2C8E009C0BC1 /* Review.swift */,
			);
			path = Model;
			sourceTree = "<group>";
		};
		34B8E484206E56020010ADDE /* Core */ = {
			isa = PBXGroup;
			children = (
				34B8E46F206E20410010ADDE /* Helpers */,
			);
			path = Core;
			sourceTree = "<group>";
		};
		34B8E485206E56180010ADDE /* RestaurantLogin */ = {
			isa = PBXGroup;
			children = (
				34BAB21C206E62CE00E39E8B /* LoginRestaurantViewController.swift */,
				34BAB220206ED2EA00E39E8B /* SignUpRestaurantViewController.swift */,
			);
			path = RestaurantLogin;
			sourceTree = "<group>";
		};
		34B8E488206E57CD0010ADDE /* FoodDetails */ = {
			isa = PBXGroup;
			children = (
				34B8E48A206E58510010ADDE /* FoodDetailViewController.swift */,
			);
			path = FoodDetails;
			sourceTree = "<group>";
		};
		34BAB219206E627E00E39E8B /* Sidemenu */ = {
			isa = PBXGroup;
			children = (
				34BAB23320719B8900E39E8B /* Filter */,
				34BAB21A206E629600E39E8B /* SideMenuViewController.swift */,
				34BAB23620719BB900E39E8B /* SideMenuCell.swift */,
			);
			path = Sidemenu;
			sourceTree = "<group>";
		};
		34BAB222206EE65E00E39E8B /* EndUserMode */ = {
			isa = PBXGroup;
			children = (
				348DBBC6207B9924001FD6F3 /* RestaurantEndUserDetailSearchViewController.swift */,
				348DBBC2207B5A98001FD6F3 /* RestaurantEndUserDetailViewController.swift */,
				348DBBC4207B698F001FD6F3 /* RestaurantEndUserDetailFoodCell.swift */,
				34B8E482206E50890010ADDE /* RestaurantView.swift */,
				34BAB22A2071851F00E39E8B /* EndUserLogin */,
			);
			name = EndUserMode;
			path = EndUserLogin;
			sourceTree = "<group>";
		};
		34BAB223206FF7DC00E39E8B /* Map */ = {
			isa = PBXGroup;
			children = (
				34BAB224206FF7F200E39E8B /* MapViewController.swift */,
			);
			path = Map;
			sourceTree = "<group>";
		};
		34BAB22A2071851F00E39E8B /* EndUserLogin */ = {
			isa = PBXGroup;
			children = (
				34BAB22E20718CE600E39E8B /* LoginEndUserViewController.swift */,
				34BAB2312071980A00E39E8B /* SignUpEndUserViewController.swift */,
			);
			path = EndUserLogin;
			sourceTree = "<group>";
		};
		34BAB22B2071853A00E39E8B /* RestaurantMode */ = {
			isa = PBXGroup;
			children = (
				34B8E485206E56180010ADDE /* RestaurantLogin */,
				34C5C85320754A7D00498B6E /* Add Components */,
				34C5C8512074F53900498B6E /* RestaurantDetailViewController.swift */,
				34D521AD207423B800528852 /* ManageRestaurantCell.swift */,
				34D521AB207375BC00528852 /* EditRestaurantItemsViewController.swift */,
				34D521A72072D69800528852 /* ManageRestaurantViewController.swift */,
			);
			name = RestaurantMode;
			path = EndUserMode;
			sourceTree = "<group>";
		};
		34BAB23020718D0800E39E8B /* Base */ = {
			isa = PBXGroup;
			children = (
				34BAB21E206E659600E39E8B /* LoginBaseViewController.swift */,
				34C5C84C2074E8A700498B6E /* BaseImagePickerViewController.swift */,
				343F37F6207B4E2200DCBE40 /* BaseRestaurantDetailViewController.swift */,
			);
			path = Base;
			sourceTree = "<group>";
		};
		34BAB23320719B8900E39E8B /* Filter */ = {
			isa = PBXGroup;
			children = (
				34BAB23420719B9100E39E8B /* FilterCell.swift */,
			);
			path = Filter;
			sourceTree = "<group>";
		};
		34C5C85320754A7D00498B6E /* Add Components */ = {
			isa = PBXGroup;
			children = (
				34C5C84E2074F42C00498B6E /* AddMenuViewController.swift */,
				34D521A92072DFBD00528852 /* AddRestaurantViewController.swift */,
				34C5C85420754A9200498B6E /* AddFoodViewController.swift */,
				34C5C8572076022100498B6E /* AddIngredientsViewController.swift */,
			);
			path = "Add Components";
			sourceTree = "<group>";
		};
		34C5C85620754BCC00498B6E /* Onboarding */ = {
			isa = PBXGroup;
			children = (
			);
			path = Onboarding;
			sourceTree = "<group>";
		};
		34C7BA2B207F65F20049D7B1 /* Login */ = {
			isa = PBXGroup;
			children = (
				34C7BA2C207F66030049D7B1 /* LoginViewController.swift */,
			);
			path = Login;
			sourceTree = "<group>";
		};
		34D521A42071BC9500528852 /* Network */ = {
			isa = PBXGroup;
			children = (
				34D521A52071BCA800528852 /* FirebaseManager.swift */,
				343F37F3207794F700DCBE40 /* LocalCollection.swift */,
			);
			path = Network;
			sourceTree = "<group>";
		};
		B872D7ACA20F64030252502E /* Frameworks */ = {
			isa = PBXGroup;
			children = (
				5B75EB182DD7517A9B8E1F28 /* Pods_NutriCal.framework */,
				AC87FB5070DAF70F003A87CC /* Pods_NutriCalTests.framework */,
				E4BDCBAEF5BE9C9D988BB546 /* Pods_NutriCalUITests.framework */,
			);
			name = Frameworks;
			sourceTree = "<group>";
		};
		E1F4B56543EBAD6D67D1DE6C /* Pods */ = {
			isa = PBXGroup;
			children = (
				B82EFBC840E3DD1CBA1A49D5 /* Pods-NutriCal.debug.xcconfig */,
				28E99266B26F1FAF8A077D75 /* Pods-NutriCal.release.xcconfig */,
				768EC3AB4127F2D2CBF6E816 /* Pods-NutriCalTests.debug.xcconfig */,
				F58269FE895602A9411B0EBC /* Pods-NutriCalTests.release.xcconfig */,
				446BFB6E2FCBAFC63C4BA9F3 /* Pods-NutriCalUITests.debug.xcconfig */,
				293885FB3AA2CFB730D2A11A /* Pods-NutriCalUITests.release.xcconfig */,
			);
			name = Pods;
			sourceTree = "<group>";
		};
/* End PBXGroup section */

/* Begin PBXNativeTarget section */
		34ADA72C206D7BA700C31D37 /* NutriCal */ = {
			isa = PBXNativeTarget;
			buildConfigurationList = 34ADA755206D7BA700C31D37 /* Build configuration list for PBXNativeTarget "NutriCal" */;
			buildPhases = (
				4BDE7DCB2B4CB4F0CCC13ED0 /* [CP] Check Pods Manifest.lock */,
				34ADA729206D7BA700C31D37 /* Sources */,
				34ADA72A206D7BA700C31D37 /* Frameworks */,
				34ADA72B206D7BA700C31D37 /* Resources */,
				91975EA2F609E5D0CC5FA13C /* [CP] Embed Pods Frameworks */,
				FF2AEC39E0E06036CE946049 /* [CP] Copy Pods Resources */,
			);
			buildRules = (
			);
			dependencies = (
			);
			name = NutriCal;
			productName = NutriCal;
			productReference = 34ADA72D206D7BA700C31D37 /* NutriCal.app */;
			productType = "com.apple.product-type.application";
		};
		34ADA740206D7BA700C31D37 /* NutriCalTests */ = {
			isa = PBXNativeTarget;
			buildConfigurationList = 34ADA758206D7BA700C31D37 /* Build configuration list for PBXNativeTarget "NutriCalTests" */;
			buildPhases = (
				12B5D354A71A997D504AEDFE /* [CP] Check Pods Manifest.lock */,
				34ADA73D206D7BA700C31D37 /* Sources */,
				34ADA73E206D7BA700C31D37 /* Frameworks */,
				34ADA73F206D7BA700C31D37 /* Resources */,
				F825F37B21FBD5C36FAECE03 /* [CP] Embed Pods Frameworks */,
				0335CBA384148191BE1ADCAB /* [CP] Copy Pods Resources */,
			);
			buildRules = (
			);
			dependencies = (
				34ADA743206D7BA700C31D37 /* PBXTargetDependency */,
			);
			name = NutriCalTests;
			productName = NutriCalTests;
			productReference = 34ADA741206D7BA700C31D37 /* NutriCalTests.xctest */;
			productType = "com.apple.product-type.bundle.unit-test";
		};
		34ADA74B206D7BA700C31D37 /* NutriCalUITests */ = {
			isa = PBXNativeTarget;
			buildConfigurationList = 34ADA75B206D7BA700C31D37 /* Build configuration list for PBXNativeTarget "NutriCalUITests" */;
			buildPhases = (
				03ACBB6CE26BB6BDCF14502F /* [CP] Check Pods Manifest.lock */,
				34ADA748206D7BA700C31D37 /* Sources */,
				34ADA749206D7BA700C31D37 /* Frameworks */,
				34ADA74A206D7BA700C31D37 /* Resources */,
				09B9A7F1A7A4D43A1166693B /* [CP] Embed Pods Frameworks */,
				74808A73F99763193AAEFA67 /* [CP] Copy Pods Resources */,
			);
			buildRules = (
			);
			dependencies = (
				34ADA74E206D7BA700C31D37 /* PBXTargetDependency */,
			);
			name = NutriCalUITests;
			productName = NutriCalUITests;
			productReference = 34ADA74C206D7BA700C31D37 /* NutriCalUITests.xctest */;
			productType = "com.apple.product-type.bundle.ui-testing";
		};
/* End PBXNativeTarget section */

/* Begin PBXProject section */
		34ADA725206D7BA700C31D37 /* Project object */ = {
			isa = PBXProject;
			attributes = {
				LastSwiftUpdateCheck = 0920;
				LastUpgradeCheck = 0920;
				ORGANIZATIONNAME = Giancarlo;
				TargetAttributes = {
					34ADA72C206D7BA700C31D37 = {
						CreatedOnToolsVersion = 9.2;
						ProvisioningStyle = Automatic;
					};
					34ADA740206D7BA700C31D37 = {
						CreatedOnToolsVersion = 9.2;
						ProvisioningStyle = Automatic;
						TestTargetID = 34ADA72C206D7BA700C31D37;
					};
					34ADA74B206D7BA700C31D37 = {
						CreatedOnToolsVersion = 9.2;
						ProvisioningStyle = Automatic;
						TestTargetID = 34ADA72C206D7BA700C31D37;
					};
				};
			};
			buildConfigurationList = 34ADA728206D7BA700C31D37 /* Build configuration list for PBXProject "NutriCal" */;
			compatibilityVersion = "Xcode 8.0";
			developmentRegion = en;
			hasScannedForEncodings = 0;
			knownRegions = (
				en,
				Base,
			);
			mainGroup = 34ADA724206D7BA700C31D37;
			productRefGroup = 34ADA72E206D7BA700C31D37 /* Products */;
			projectDirPath = "";
			projectRoot = "";
			targets = (
				34ADA72C206D7BA700C31D37 /* NutriCal */,
				34ADA740206D7BA700C31D37 /* NutriCalTests */,
				34ADA74B206D7BA700C31D37 /* NutriCalUITests */,
			);
		};
/* End PBXProject section */

/* Begin PBXResourcesBuildPhase section */
		34ADA72B206D7BA700C31D37 /* Resources */ = {
			isa = PBXResourcesBuildPhase;
			buildActionMask = 2147483647;
			files = (
				34ADA73B206D7BA700C31D37 /* LaunchScreen.storyboard in Resources */,
				346D80102080B5FD007FFAF4 /* Localizable.strings in Resources */,
				34B8E474206E215D0010ADDE /* GoogleService-Info.plist in Resources */,
				34ADA738206D7BA700C31D37 /* Assets.xcassets in Resources */,
			);
			runOnlyForDeploymentPostprocessing = 0;
		};
		34ADA73F206D7BA700C31D37 /* Resources */ = {
			isa = PBXResourcesBuildPhase;
			buildActionMask = 2147483647;
			files = (
			);
			runOnlyForDeploymentPostprocessing = 0;
		};
		34ADA74A206D7BA700C31D37 /* Resources */ = {
			isa = PBXResourcesBuildPhase;
			buildActionMask = 2147483647;
			files = (
			);
			runOnlyForDeploymentPostprocessing = 0;
		};
/* End PBXResourcesBuildPhase section */

/* Begin PBXShellScriptBuildPhase section */
		0335CBA384148191BE1ADCAB /* [CP] Copy Pods Resources */ = {
			isa = PBXShellScriptBuildPhase;
			buildActionMask = 2147483647;
			files = (
			);
			inputPaths = (
			);
			name = "[CP] Copy Pods Resources";
			outputPaths = (
			);
			runOnlyForDeploymentPostprocessing = 0;
			shellPath = /bin/sh;
			shellScript = "\"${SRCROOT}/Pods/Target Support Files/Pods-NutriCalTests/Pods-NutriCalTests-resources.sh\"\n";
			showEnvVarsInLog = 0;
		};
		03ACBB6CE26BB6BDCF14502F /* [CP] Check Pods Manifest.lock */ = {
			isa = PBXShellScriptBuildPhase;
			buildActionMask = 2147483647;
			files = (
			);
			inputPaths = (
				"${PODS_PODFILE_DIR_PATH}/Podfile.lock",
				"${PODS_ROOT}/Manifest.lock",
			);
			name = "[CP] Check Pods Manifest.lock";
			outputPaths = (
				"$(DERIVED_FILE_DIR)/Pods-NutriCalUITests-checkManifestLockResult.txt",
			);
			runOnlyForDeploymentPostprocessing = 0;
			shellPath = /bin/sh;
			shellScript = "diff \"${PODS_PODFILE_DIR_PATH}/Podfile.lock\" \"${PODS_ROOT}/Manifest.lock\" > /dev/null\nif [ $? != 0 ] ; then\n    # print error to STDERR\n    echo \"error: The sandbox is not in sync with the Podfile.lock. Run 'pod install' or update your CocoaPods installation.\" >&2\n    exit 1\nfi\n# This output is used by Xcode 'outputs' to avoid re-running this script phase.\necho \"SUCCESS\" > \"${SCRIPT_OUTPUT_FILE_0}\"\n";
			showEnvVarsInLog = 0;
		};
		09B9A7F1A7A4D43A1166693B /* [CP] Embed Pods Frameworks */ = {
			isa = PBXShellScriptBuildPhase;
			buildActionMask = 2147483647;
			files = (
			);
			inputPaths = (
			);
			name = "[CP] Embed Pods Frameworks";
			outputPaths = (
			);
			runOnlyForDeploymentPostprocessing = 0;
			shellPath = /bin/sh;
			shellScript = "\"${SRCROOT}/Pods/Target Support Files/Pods-NutriCalUITests/Pods-NutriCalUITests-frameworks.sh\"\n";
			showEnvVarsInLog = 0;
		};
		12B5D354A71A997D504AEDFE /* [CP] Check Pods Manifest.lock */ = {
			isa = PBXShellScriptBuildPhase;
			buildActionMask = 2147483647;
			files = (
			);
			inputPaths = (
				"${PODS_PODFILE_DIR_PATH}/Podfile.lock",
				"${PODS_ROOT}/Manifest.lock",
			);
			name = "[CP] Check Pods Manifest.lock";
			outputPaths = (
				"$(DERIVED_FILE_DIR)/Pods-NutriCalTests-checkManifestLockResult.txt",
			);
			runOnlyForDeploymentPostprocessing = 0;
			shellPath = /bin/sh;
			shellScript = "diff \"${PODS_PODFILE_DIR_PATH}/Podfile.lock\" \"${PODS_ROOT}/Manifest.lock\" > /dev/null\nif [ $? != 0 ] ; then\n    # print error to STDERR\n    echo \"error: The sandbox is not in sync with the Podfile.lock. Run 'pod install' or update your CocoaPods installation.\" >&2\n    exit 1\nfi\n# This output is used by Xcode 'outputs' to avoid re-running this script phase.\necho \"SUCCESS\" > \"${SCRIPT_OUTPUT_FILE_0}\"\n";
			showEnvVarsInLog = 0;
		};
		4BDE7DCB2B4CB4F0CCC13ED0 /* [CP] Check Pods Manifest.lock */ = {
			isa = PBXShellScriptBuildPhase;
			buildActionMask = 2147483647;
			files = (
			);
			inputPaths = (
				"${PODS_PODFILE_DIR_PATH}/Podfile.lock",
				"${PODS_ROOT}/Manifest.lock",
			);
			name = "[CP] Check Pods Manifest.lock";
			outputPaths = (
				"$(DERIVED_FILE_DIR)/Pods-NutriCal-checkManifestLockResult.txt",
			);
			runOnlyForDeploymentPostprocessing = 0;
			shellPath = /bin/sh;
			shellScript = "diff \"${PODS_PODFILE_DIR_PATH}/Podfile.lock\" \"${PODS_ROOT}/Manifest.lock\" > /dev/null\nif [ $? != 0 ] ; then\n    # print error to STDERR\n    echo \"error: The sandbox is not in sync with the Podfile.lock. Run 'pod install' or update your CocoaPods installation.\" >&2\n    exit 1\nfi\n# This output is used by Xcode 'outputs' to avoid re-running this script phase.\necho \"SUCCESS\" > \"${SCRIPT_OUTPUT_FILE_0}\"\n";
			showEnvVarsInLog = 0;
		};
		74808A73F99763193AAEFA67 /* [CP] Copy Pods Resources */ = {
			isa = PBXShellScriptBuildPhase;
			buildActionMask = 2147483647;
			files = (
			);
			inputPaths = (
			);
			name = "[CP] Copy Pods Resources";
			outputPaths = (
			);
			runOnlyForDeploymentPostprocessing = 0;
			shellPath = /bin/sh;
			shellScript = "\"${SRCROOT}/Pods/Target Support Files/Pods-NutriCalUITests/Pods-NutriCalUITests-resources.sh\"\n";
			showEnvVarsInLog = 0;
		};
		91975EA2F609E5D0CC5FA13C /* [CP] Embed Pods Frameworks */ = {
			isa = PBXShellScriptBuildPhase;
			buildActionMask = 2147483647;
			files = (
			);
			inputPaths = (
				"${SRCROOT}/Pods/Target Support Files/Pods-NutriCal/Pods-NutriCal-frameworks.sh",
				"${BUILT_PRODUCTS_DIR}/AMPopTip/AMPopTip.framework",
				"${BUILT_PRODUCTS_DIR}/BoringSSL/openssl.framework",
				"${BUILT_PRODUCTS_DIR}/Cosmos/Cosmos.framework",
				"${BUILT_PRODUCTS_DIR}/GTMSessionFetcher/GTMSessionFetcher.framework",
				"${BUILT_PRODUCTS_DIR}/GoogleToolboxForMac/GoogleToolboxForMac.framework",
				"${BUILT_PRODUCTS_DIR}/KUIPopOver/KUIPopOver.framework",
				"${BUILT_PRODUCTS_DIR}/Protobuf/Protobuf.framework",
				"${BUILT_PRODUCTS_DIR}/RangeSeekSlider/RangeSeekSlider.framework",
				"${BUILT_PRODUCTS_DIR}/SDWebImage/SDWebImage.framework",
				"${BUILT_PRODUCTS_DIR}/SideMenu/SideMenu.framework",
				"${BUILT_PRODUCTS_DIR}/SwiftSpinner/SwiftSpinner.framework",
				"${BUILT_PRODUCTS_DIR}/gRPC/GRPCClient.framework",
				"${BUILT_PRODUCTS_DIR}/gRPC-Core/grpc.framework",
				"${BUILT_PRODUCTS_DIR}/gRPC-ProtoRPC/ProtoRPC.framework",
				"${BUILT_PRODUCTS_DIR}/gRPC-RxLibrary/RxLibrary.framework",
				"${BUILT_PRODUCTS_DIR}/leveldb-library/leveldb.framework",
				"${BUILT_PRODUCTS_DIR}/nanopb/nanopb.framework",
			);
			name = "[CP] Embed Pods Frameworks";
			outputPaths = (
				"${TARGET_BUILD_DIR}/${FRAMEWORKS_FOLDER_PATH}/AMPopTip.framework",
				"${TARGET_BUILD_DIR}/${FRAMEWORKS_FOLDER_PATH}/openssl.framework",
				"${TARGET_BUILD_DIR}/${FRAMEWORKS_FOLDER_PATH}/Cosmos.framework",
				"${TARGET_BUILD_DIR}/${FRAMEWORKS_FOLDER_PATH}/GTMSessionFetcher.framework",
				"${TARGET_BUILD_DIR}/${FRAMEWORKS_FOLDER_PATH}/GoogleToolboxForMac.framework",
				"${TARGET_BUILD_DIR}/${FRAMEWORKS_FOLDER_PATH}/KUIPopOver.framework",
				"${TARGET_BUILD_DIR}/${FRAMEWORKS_FOLDER_PATH}/Protobuf.framework",
				"${TARGET_BUILD_DIR}/${FRAMEWORKS_FOLDER_PATH}/RangeSeekSlider.framework",
				"${TARGET_BUILD_DIR}/${FRAMEWORKS_FOLDER_PATH}/SDWebImage.framework",
				"${TARGET_BUILD_DIR}/${FRAMEWORKS_FOLDER_PATH}/SideMenu.framework",
				"${TARGET_BUILD_DIR}/${FRAMEWORKS_FOLDER_PATH}/SwiftSpinner.framework",
				"${TARGET_BUILD_DIR}/${FRAMEWORKS_FOLDER_PATH}/GRPCClient.framework",
				"${TARGET_BUILD_DIR}/${FRAMEWORKS_FOLDER_PATH}/grpc.framework",
				"${TARGET_BUILD_DIR}/${FRAMEWORKS_FOLDER_PATH}/ProtoRPC.framework",
				"${TARGET_BUILD_DIR}/${FRAMEWORKS_FOLDER_PATH}/RxLibrary.framework",
				"${TARGET_BUILD_DIR}/${FRAMEWORKS_FOLDER_PATH}/leveldb.framework",
				"${TARGET_BUILD_DIR}/${FRAMEWORKS_FOLDER_PATH}/nanopb.framework",
			);
			runOnlyForDeploymentPostprocessing = 0;
			shellPath = /bin/sh;
			shellScript = "\"${SRCROOT}/Pods/Target Support Files/Pods-NutriCal/Pods-NutriCal-frameworks.sh\"\n";
			showEnvVarsInLog = 0;
		};
		F825F37B21FBD5C36FAECE03 /* [CP] Embed Pods Frameworks */ = {
			isa = PBXShellScriptBuildPhase;
			buildActionMask = 2147483647;
			files = (
			);
			inputPaths = (
			);
			name = "[CP] Embed Pods Frameworks";
			outputPaths = (
			);
			runOnlyForDeploymentPostprocessing = 0;
			shellPath = /bin/sh;
			shellScript = "\"${SRCROOT}/Pods/Target Support Files/Pods-NutriCalTests/Pods-NutriCalTests-frameworks.sh\"\n";
			showEnvVarsInLog = 0;
		};
		FF2AEC39E0E06036CE946049 /* [CP] Copy Pods Resources */ = {
			isa = PBXShellScriptBuildPhase;
			buildActionMask = 2147483647;
			files = (
			);
			inputPaths = (
			);
			name = "[CP] Copy Pods Resources";
			outputPaths = (
			);
			runOnlyForDeploymentPostprocessing = 0;
			shellPath = /bin/sh;
			shellScript = "\"${SRCROOT}/Pods/Target Support Files/Pods-NutriCal/Pods-NutriCal-resources.sh\"\n";
			showEnvVarsInLog = 0;
		};
/* End PBXShellScriptBuildPhase section */

/* Begin PBXSourcesBuildPhase section */
		34ADA729206D7BA700C31D37 /* Sources */ = {
			isa = PBXSourcesBuildPhase;
			buildActionMask = 2147483647;
			files = (
				34B8E487206E56260010ADDE /* Restaurant.swift in Sources */,
				34B8E47F206E4FEA0010ADDE /* DealOfTheMonthView.swift in Sources */,
				348DBBC7207B9924001FD6F3 /* RestaurantEndUserDetailSearchViewController.swift in Sources */,
				34B8E471206E20790010ADDE /* UIKit.swift in Sources */,
				34BAB2322071980A00E39E8B /* SignUpEndUserViewController.swift in Sources */,
				34BAB21B206E629600E39E8B /* SideMenuViewController.swift in Sources */,
				34B8E48B206E58510010ADDE /* FoodDetailViewController.swift in Sources */,
				34ADA733206D7BA700C31D37 /* TabBarController.swift in Sources */,
				34D521AA2072DFBD00528852 /* AddRestaurantViewController.swift in Sources */,
				34C5C8522074F53900498B6E /* RestaurantDetailViewController.swift in Sources */,
				34D521A82072D69800528852 /* ManageRestaurantViewController.swift in Sources */,
				34B8E483206E50890010ADDE /* RestaurantView.swift in Sources */,
				348DBBC3207B5A98001FD6F3 /* RestaurantEndUserDetailViewController.swift in Sources */,
				34C5C84D2074E8A700498B6E /* BaseImagePickerViewController.swift in Sources */,
				34BAB21F206E659600E39E8B /* LoginBaseViewController.swift in Sources */,
				346D80132080B7B5007FFAF4 /* SettingsViewController.swift in Sources */,
				34ADA761206D7E8800C31D37 /* UIColors.swift in Sources */,
				34B8E481206E503D0010ADDE /* RestaurantMenuGalleryCell.swift in Sources */,
				34BAB21D206E62CE00E39E8B /* LoginRestaurantViewController.swift in Sources */,
				34C7BA2D207F66030049D7B1 /* LoginViewController.swift in Sources */,
				34C7BA25207F4AC50049D7B1 /* Date.swift in Sources */,
				34D521A62071BCA800528852 /* FirebaseManager.swift in Sources */,
				34B8E479206E23EA0010ADDE /* TableViewModel.swift in Sources */,
				343F37F4207794F700DCBE40 /* LocalCollection.swift in Sources */,
				346D80162080BBD9007FFAF4 /* FavouritesViewController.swift in Sources */,
				34C5C8582076022100498B6E /* AddIngredientsViewController.swift in Sources */,
				34C5C85A2076147C00498B6E /* InternalRestaurant.swift in Sources */,
				34BAB23520719B9100E39E8B /* FilterCell.swift in Sources */,
				34ADA731206D7BA700C31D37 /* AppDelegate.swift in Sources */,
				34DA7F92207E2C8E009C0BC1 /* Review.swift in Sources */,
				34D521AE207423B800528852 /* ManageRestaurantCell.swift in Sources */,
				34BAB22F20718CE600E39E8B /* LoginEndUserViewController.swift in Sources */,
				34BAB221206ED2EA00E39E8B /* SignUpRestaurantViewController.swift in Sources */,
				34B8E47D206E2C770010ADDE /* RestaurantMenuCell.swift in Sources */,
				34ADA75F206D7CCC00C31D37 /* HomeViewController.swift in Sources */,
				348DBBC5207B698F001FD6F3 /* RestaurantEndUserDetailFoodCell.swift in Sources */,
				343F37F7207B4E2200DCBE40 /* BaseRestaurantDetailViewController.swift in Sources */,
				34D521AC207375BC00528852 /* EditRestaurantItemsViewController.swift in Sources */,
				34BAB225206FF7F200E39E8B /* MapViewController.swift in Sources */,
				34C7BA21207F38D10049D7B1 /* RatingCell.swift in Sources */,
				348DBBCA207CC6C4001FD6F3 /* ReviewsViewController.swift in Sources */,
				34BAB22D207189BA00E39E8B /* User.swift in Sources */,
				34BAB23720719BB900E39E8B /* SideMenuCell.swift in Sources */,
				34C5C84F2074F42C00498B6E /* AddMenuViewController.swift in Sources */,
				34C5C85520754A9200498B6E /* AddFoodViewController.swift in Sources */,
				34C7BA23207F38DB0049D7B1 /* CommentCell.swift in Sources */,
				34C7BA27207F4CBF0049D7B1 /* TableViewCommentCell.swift in Sources */,
			);
			runOnlyForDeploymentPostprocessing = 0;
		};
		34ADA73D206D7BA700C31D37 /* Sources */ = {
			isa = PBXSourcesBuildPhase;
			buildActionMask = 2147483647;
			files = (
				34ADA746206D7BA700C31D37 /* NutriCalTests.swift in Sources */,
			);
			runOnlyForDeploymentPostprocessing = 0;
		};
		34ADA748206D7BA700C31D37 /* Sources */ = {
			isa = PBXSourcesBuildPhase;
			buildActionMask = 2147483647;
			files = (
				34ADA751206D7BA700C31D37 /* NutriCalUITests.swift in Sources */,
			);
			runOnlyForDeploymentPostprocessing = 0;
		};
/* End PBXSourcesBuildPhase section */

/* Begin PBXTargetDependency section */
		34ADA743206D7BA700C31D37 /* PBXTargetDependency */ = {
			isa = PBXTargetDependency;
			target = 34ADA72C206D7BA700C31D37 /* NutriCal */;
			targetProxy = 34ADA742206D7BA700C31D37 /* PBXContainerItemProxy */;
		};
		34ADA74E206D7BA700C31D37 /* PBXTargetDependency */ = {
			isa = PBXTargetDependency;
			target = 34ADA72C206D7BA700C31D37 /* NutriCal */;
			targetProxy = 34ADA74D206D7BA700C31D37 /* PBXContainerItemProxy */;
		};
/* End PBXTargetDependency section */

/* Begin PBXVariantGroup section */
		34ADA739206D7BA700C31D37 /* LaunchScreen.storyboard */ = {
			isa = PBXVariantGroup;
			children = (
				34ADA73A206D7BA700C31D37 /* Base */,
			);
			name = LaunchScreen.storyboard;
			sourceTree = "<group>";
		};
/* End PBXVariantGroup section */

/* Begin XCBuildConfiguration section */
		34ADA753206D7BA700C31D37 /* Debug */ = {
			isa = XCBuildConfiguration;
			buildSettings = {
				ALWAYS_SEARCH_USER_PATHS = NO;
				CLANG_ANALYZER_NONNULL = YES;
				CLANG_ANALYZER_NUMBER_OBJECT_CONVERSION = YES_AGGRESSIVE;
				CLANG_CXX_LANGUAGE_STANDARD = "gnu++14";
				CLANG_CXX_LIBRARY = "libc++";
				CLANG_ENABLE_MODULES = YES;
				CLANG_ENABLE_OBJC_ARC = YES;
				CLANG_WARN_BLOCK_CAPTURE_AUTORELEASING = YES;
				CLANG_WARN_BOOL_CONVERSION = YES;
				CLANG_WARN_COMMA = YES;
				CLANG_WARN_CONSTANT_CONVERSION = YES;
				CLANG_WARN_DIRECT_OBJC_ISA_USAGE = YES_ERROR;
				CLANG_WARN_DOCUMENTATION_COMMENTS = YES;
				CLANG_WARN_EMPTY_BODY = YES;
				CLANG_WARN_ENUM_CONVERSION = YES;
				CLANG_WARN_INFINITE_RECURSION = YES;
				CLANG_WARN_INT_CONVERSION = YES;
				CLANG_WARN_NON_LITERAL_NULL_CONVERSION = YES;
				CLANG_WARN_OBJC_LITERAL_CONVERSION = YES;
				CLANG_WARN_OBJC_ROOT_CLASS = YES_ERROR;
				CLANG_WARN_RANGE_LOOP_ANALYSIS = YES;
				CLANG_WARN_STRICT_PROTOTYPES = YES;
				CLANG_WARN_SUSPICIOUS_MOVE = YES;
				CLANG_WARN_UNGUARDED_AVAILABILITY = YES_AGGRESSIVE;
				CLANG_WARN_UNREACHABLE_CODE = YES;
				CLANG_WARN__DUPLICATE_METHOD_MATCH = YES;
				CODE_SIGN_IDENTITY = "iPhone Developer";
				COPY_PHASE_STRIP = NO;
				DEBUG_INFORMATION_FORMAT = dwarf;
				ENABLE_STRICT_OBJC_MSGSEND = YES;
				ENABLE_TESTABILITY = YES;
				GCC_C_LANGUAGE_STANDARD = gnu11;
				GCC_DYNAMIC_NO_PIC = NO;
				GCC_NO_COMMON_BLOCKS = YES;
				GCC_OPTIMIZATION_LEVEL = 0;
				GCC_PREPROCESSOR_DEFINITIONS = (
					"DEBUG=1",
					"$(inherited)",
				);
				GCC_WARN_64_TO_32_BIT_CONVERSION = YES;
				GCC_WARN_ABOUT_RETURN_TYPE = YES_ERROR;
				GCC_WARN_UNDECLARED_SELECTOR = YES;
				GCC_WARN_UNINITIALIZED_AUTOS = YES_AGGRESSIVE;
				GCC_WARN_UNUSED_FUNCTION = YES;
				GCC_WARN_UNUSED_VARIABLE = YES;
				IPHONEOS_DEPLOYMENT_TARGET = 11.2;
				MTL_ENABLE_DEBUG_INFO = YES;
				ONLY_ACTIVE_ARCH = YES;
				SDKROOT = iphoneos;
				SWIFT_ACTIVE_COMPILATION_CONDITIONS = DEBUG;
				SWIFT_OPTIMIZATION_LEVEL = "-Onone";
			};
			name = Debug;
		};
		34ADA754206D7BA700C31D37 /* Release */ = {
			isa = XCBuildConfiguration;
			buildSettings = {
				ALWAYS_SEARCH_USER_PATHS = NO;
				CLANG_ANALYZER_NONNULL = YES;
				CLANG_ANALYZER_NUMBER_OBJECT_CONVERSION = YES_AGGRESSIVE;
				CLANG_CXX_LANGUAGE_STANDARD = "gnu++14";
				CLANG_CXX_LIBRARY = "libc++";
				CLANG_ENABLE_MODULES = YES;
				CLANG_ENABLE_OBJC_ARC = YES;
				CLANG_WARN_BLOCK_CAPTURE_AUTORELEASING = YES;
				CLANG_WARN_BOOL_CONVERSION = YES;
				CLANG_WARN_COMMA = YES;
				CLANG_WARN_CONSTANT_CONVERSION = YES;
				CLANG_WARN_DIRECT_OBJC_ISA_USAGE = YES_ERROR;
				CLANG_WARN_DOCUMENTATION_COMMENTS = YES;
				CLANG_WARN_EMPTY_BODY = YES;
				CLANG_WARN_ENUM_CONVERSION = YES;
				CLANG_WARN_INFINITE_RECURSION = YES;
				CLANG_WARN_INT_CONVERSION = YES;
				CLANG_WARN_NON_LITERAL_NULL_CONVERSION = YES;
				CLANG_WARN_OBJC_LITERAL_CONVERSION = YES;
				CLANG_WARN_OBJC_ROOT_CLASS = YES_ERROR;
				CLANG_WARN_RANGE_LOOP_ANALYSIS = YES;
				CLANG_WARN_STRICT_PROTOTYPES = YES;
				CLANG_WARN_SUSPICIOUS_MOVE = YES;
				CLANG_WARN_UNGUARDED_AVAILABILITY = YES_AGGRESSIVE;
				CLANG_WARN_UNREACHABLE_CODE = YES;
				CLANG_WARN__DUPLICATE_METHOD_MATCH = YES;
				CODE_SIGN_IDENTITY = "iPhone Developer";
				COPY_PHASE_STRIP = NO;
				DEBUG_INFORMATION_FORMAT = "dwarf-with-dsym";
				ENABLE_NS_ASSERTIONS = NO;
				ENABLE_STRICT_OBJC_MSGSEND = YES;
				GCC_C_LANGUAGE_STANDARD = gnu11;
				GCC_NO_COMMON_BLOCKS = YES;
				GCC_WARN_64_TO_32_BIT_CONVERSION = YES;
				GCC_WARN_ABOUT_RETURN_TYPE = YES_ERROR;
				GCC_WARN_UNDECLARED_SELECTOR = YES;
				GCC_WARN_UNINITIALIZED_AUTOS = YES_AGGRESSIVE;
				GCC_WARN_UNUSED_FUNCTION = YES;
				GCC_WARN_UNUSED_VARIABLE = YES;
				IPHONEOS_DEPLOYMENT_TARGET = 11.2;
				MTL_ENABLE_DEBUG_INFO = NO;
				SDKROOT = iphoneos;
				SWIFT_OPTIMIZATION_LEVEL = "-Owholemodule";
				VALIDATE_PRODUCT = YES;
			};
			name = Release;
		};
		34ADA756206D7BA700C31D37 /* Debug */ = {
			isa = XCBuildConfiguration;
			baseConfigurationReference = B82EFBC840E3DD1CBA1A49D5 /* Pods-NutriCal.debug.xcconfig */;
			buildSettings = {
				ASSETCATALOG_COMPILER_APPICON_NAME = AppIcon;
				CODE_SIGN_STYLE = Automatic;
				DEVELOPMENT_TEAM = "";
				INFOPLIST_FILE = NutriCal/Info.plist;
				LD_RUNPATH_SEARCH_PATHS = "$(inherited) @executable_path/Frameworks";
				PRODUCT_BUNDLE_IDENTIFIER = com.giancarlo.NutriCal;
				PRODUCT_NAME = "$(TARGET_NAME)";
				SWIFT_VERSION = 4.0;
				TARGETED_DEVICE_FAMILY = "1,2";
			};
			name = Debug;
		};
		34ADA757206D7BA700C31D37 /* Release */ = {
			isa = XCBuildConfiguration;
			baseConfigurationReference = 28E99266B26F1FAF8A077D75 /* Pods-NutriCal.release.xcconfig */;
			buildSettings = {
				ASSETCATALOG_COMPILER_APPICON_NAME = AppIcon;
				CODE_SIGN_STYLE = Automatic;
				DEVELOPMENT_TEAM = "";
				INFOPLIST_FILE = NutriCal/Info.plist;
				LD_RUNPATH_SEARCH_PATHS = "$(inherited) @executable_path/Frameworks";
				PRODUCT_BUNDLE_IDENTIFIER = com.giancarlo.NutriCal;
				PRODUCT_NAME = "$(TARGET_NAME)";
				SWIFT_VERSION = 4.0;
				TARGETED_DEVICE_FAMILY = "1,2";
			};
			name = Release;
		};
		34ADA759206D7BA700C31D37 /* Debug */ = {
			isa = XCBuildConfiguration;
			baseConfigurationReference = 768EC3AB4127F2D2CBF6E816 /* Pods-NutriCalTests.debug.xcconfig */;
			buildSettings = {
				ALWAYS_EMBED_SWIFT_STANDARD_LIBRARIES = YES;
				BUNDLE_LOADER = "$(TEST_HOST)";
				CODE_SIGN_STYLE = Automatic;
				INFOPLIST_FILE = NutriCalTests/Info.plist;
				LD_RUNPATH_SEARCH_PATHS = "$(inherited) @executable_path/Frameworks @loader_path/Frameworks";
				PRODUCT_BUNDLE_IDENTIFIER = com.giancarlo.NutriCalTests;
				PRODUCT_NAME = "$(TARGET_NAME)";
				SWIFT_VERSION = 4.0;
				TARGETED_DEVICE_FAMILY = "1,2";
				TEST_HOST = "$(BUILT_PRODUCTS_DIR)/NutriCal.app/NutriCal";
			};
			name = Debug;
		};
		34ADA75A206D7BA700C31D37 /* Release */ = {
			isa = XCBuildConfiguration;
			baseConfigurationReference = F58269FE895602A9411B0EBC /* Pods-NutriCalTests.release.xcconfig */;
			buildSettings = {
				ALWAYS_EMBED_SWIFT_STANDARD_LIBRARIES = YES;
				BUNDLE_LOADER = "$(TEST_HOST)";
				CODE_SIGN_STYLE = Automatic;
				INFOPLIST_FILE = NutriCalTests/Info.plist;
				LD_RUNPATH_SEARCH_PATHS = "$(inherited) @executable_path/Frameworks @loader_path/Frameworks";
				PRODUCT_BUNDLE_IDENTIFIER = com.giancarlo.NutriCalTests;
				PRODUCT_NAME = "$(TARGET_NAME)";
				SWIFT_VERSION = 4.0;
				TARGETED_DEVICE_FAMILY = "1,2";
				TEST_HOST = "$(BUILT_PRODUCTS_DIR)/NutriCal.app/NutriCal";
			};
			name = Release;
		};
		34ADA75C206D7BA700C31D37 /* Debug */ = {
			isa = XCBuildConfiguration;
			baseConfigurationReference = 446BFB6E2FCBAFC63C4BA9F3 /* Pods-NutriCalUITests.debug.xcconfig */;
			buildSettings = {
				ALWAYS_EMBED_SWIFT_STANDARD_LIBRARIES = YES;
				CODE_SIGN_STYLE = Automatic;
				INFOPLIST_FILE = NutriCalUITests/Info.plist;
				LD_RUNPATH_SEARCH_PATHS = "$(inherited) @executable_path/Frameworks @loader_path/Frameworks";
				PRODUCT_BUNDLE_IDENTIFIER = com.giancarlo.NutriCalUITests;
				PRODUCT_NAME = "$(TARGET_NAME)";
				SWIFT_VERSION = 4.0;
				TARGETED_DEVICE_FAMILY = "1,2";
				TEST_TARGET_NAME = NutriCal;
			};
			name = Debug;
		};
		34ADA75D206D7BA700C31D37 /* Release */ = {
			isa = XCBuildConfiguration;
			baseConfigurationReference = 293885FB3AA2CFB730D2A11A /* Pods-NutriCalUITests.release.xcconfig */;
			buildSettings = {
				ALWAYS_EMBED_SWIFT_STANDARD_LIBRARIES = YES;
				CODE_SIGN_STYLE = Automatic;
				INFOPLIST_FILE = NutriCalUITests/Info.plist;
				LD_RUNPATH_SEARCH_PATHS = "$(inherited) @executable_path/Frameworks @loader_path/Frameworks";
				PRODUCT_BUNDLE_IDENTIFIER = com.giancarlo.NutriCalUITests;
				PRODUCT_NAME = "$(TARGET_NAME)";
				SWIFT_VERSION = 4.0;
				TARGETED_DEVICE_FAMILY = "1,2";
				TEST_TARGET_NAME = NutriCal;
			};
			name = Release;
		};
/* End XCBuildConfiguration section */

/* Begin XCConfigurationList section */
		34ADA728206D7BA700C31D37 /* Build configuration list for PBXProject "NutriCal" */ = {
			isa = XCConfigurationList;
			buildConfigurations = (
				34ADA753206D7BA700C31D37 /* Debug */,
				34ADA754206D7BA700C31D37 /* Release */,
			);
			defaultConfigurationIsVisible = 0;
			defaultConfigurationName = Release;
		};
		34ADA755206D7BA700C31D37 /* Build configuration list for PBXNativeTarget "NutriCal" */ = {
			isa = XCConfigurationList;
			buildConfigurations = (
				34ADA756206D7BA700C31D37 /* Debug */,
				34ADA757206D7BA700C31D37 /* Release */,
			);
			defaultConfigurationIsVisible = 0;
			defaultConfigurationName = Release;
		};
		34ADA758206D7BA700C31D37 /* Build configuration list for PBXNativeTarget "NutriCalTests" */ = {
			isa = XCConfigurationList;
			buildConfigurations = (
				34ADA759206D7BA700C31D37 /* Debug */,
				34ADA75A206D7BA700C31D37 /* Release */,
			);
			defaultConfigurationIsVisible = 0;
			defaultConfigurationName = Release;
		};
		34ADA75B206D7BA700C31D37 /* Build configuration list for PBXNativeTarget "NutriCalUITests" */ = {
			isa = XCConfigurationList;
			buildConfigurations = (
				34ADA75C206D7BA700C31D37 /* Debug */,
				34ADA75D206D7BA700C31D37 /* Release */,
			);
			defaultConfigurationIsVisible = 0;
			defaultConfigurationName = Release;
		};
/* End XCConfigurationList section */
	};
	rootObject = 34ADA725206D7BA700C31D37 /* Project object */;
}
